
Microsoft Visual Studio Solution File, Format Version 12.00
# Visual Studio Version 17
VisualStudioVersion = 17.3.32922.545
MinimumVisualStudioVersion = 10.0.40219.1
Project("{FAE04EC0-301F-11D3-BF4B-00C04F79EFBC}") = "Muresan_Cristian_Lab1", "Muresan_Cristian_Lab1.csproj", "{356D2C1A-F2C1-4DD7-B7BC-2BA05C2A426A}"
EndProject
Global
	GlobalSection(SolutionConfigurationPlatforms) = preSolution
		Debug|Any CPU = Debug|Any CPU
		Release|Any CPU = Release|Any CPU
	EndGlobalSection
	GlobalSection(ProjectConfigurationPlatforms) = postSolution
		{356D2C1A-F2C1-4DD7-B7BC-2BA05C2A426A}.Debug|Any CPU.ActiveCfg = Debug|Any CPU
		{356D2C1A-F2C1-4DD7-B7BC-2BA05C2A426A}.Debug|Any CPU.Build.0 = Debug|Any CPU
		{356D2C1A-F2C1-4DD7-B7BC-2BA05C2A426A}.Release|Any CPU.ActiveCfg = Release|Any CPU
		{356D2C1A-F2C1-4DD7-B7BC-2BA05C2A426A}.Release|Any CPU.Build.0 = Release|Any CPU
	EndGlobalSection
	GlobalSection(SolutionProperties) = preSolution
		HideSolutionNode = FALSE
	EndGlobalSection
	GlobalSection(ExtensibilityGlobals) = postSolution
		SolutionGuid = {C8826705-B5D9-47DE-8205-76FF9D885BB5}
	EndGlobalSection
EndGlobal
